# This file is automatically @generated by Cargo.
# It is not intended for manual editing.
version = 4

[[package]]
name = "aula9"
version = "0.1.0"
dependencies = [
 "bubble_sort",
 "merge_sort",
 "quick_sort",
]

[[package]]
name = "bubble_sort"
version = "0.1.0"

[[package]]
name = "merge_sort"
version = "0.1.0"

[[package]]
name = "quick_sort"
version = "0.1.0"
